
Microsoft Visual Studio Solution File, Format Version 12.00
# Visual Studio Version 17
VisualStudioVersion = 17.5.33516.290
MinimumVisualStudioVersion = 10.0.40219.1
Project("{9A19103F-16F7-4668-BE54-9A1E7A4F7556}") = "BigBallGame", "BigBallGame\BigBallGame.csproj", "{59529F78-F56B-475F-9153-8A8ECED0F40A}"
EndProject
Project("{9A19103F-16F7-4668-BE54-9A1E7A4F7556}") = "AliceBookshelf", "AliceBookshelf\AliceBookshelf.csproj", "{B296AD45-90EA-487C-8050-15FD8E0A0AD2}"
EndProject
Project("{9A19103F-16F7-4668-BE54-9A1E7A4F7556}") = "Robot", "Robot\Robot.csproj", "{9F52D203-92E4-425A-A025-D018C7014EF1}"
EndProject
Global
	GlobalSection(SolutionConfigurationPlatforms) = preSolution
		Debug|Any CPU = Debug|Any CPU
		Release|Any CPU = Release|Any CPU
	EndGlobalSection
	GlobalSection(ProjectConfigurationPlatforms) = postSolution
		{59529F78-F56B-475F-9153-8A8ECED0F40A}.Debug|Any CPU.ActiveCfg = Debug|Any CPU
		{59529F78-F56B-475F-9153-8A8ECED0F40A}.Debug|Any CPU.Build.0 = Debug|Any CPU
		{59529F78-F56B-475F-9153-8A8ECED0F40A}.Release|Any CPU.ActiveCfg = Release|Any CPU
		{59529F78-F56B-475F-9153-8A8ECED0F40A}.Release|Any CPU.Build.0 = Release|Any CPU
		{B296AD45-90EA-487C-8050-15FD8E0A0AD2}.Debug|Any CPU.ActiveCfg = Debug|Any CPU
		{B296AD45-90EA-487C-8050-15FD8E0A0AD2}.Debug|Any CPU.Build.0 = Debug|Any CPU
		{B296AD45-90EA-487C-8050-15FD8E0A0AD2}.Release|Any CPU.ActiveCfg = Release|Any CPU
		{B296AD45-90EA-487C-8050-15FD8E0A0AD2}.Release|Any CPU.Build.0 = Release|Any CPU
		{9F52D203-92E4-425A-A025-D018C7014EF1}.Debug|Any CPU.ActiveCfg = Debug|Any CPU
		{9F52D203-92E4-425A-A025-D018C7014EF1}.Debug|Any CPU.Build.0 = Debug|Any CPU
		{9F52D203-92E4-425A-A025-D018C7014EF1}.Release|Any CPU.ActiveCfg = Release|Any CPU
		{9F52D203-92E4-425A-A025-D018C7014EF1}.Release|Any CPU.Build.0 = Release|Any CPU
	EndGlobalSection
	GlobalSection(SolutionProperties) = preSolution
		HideSolutionNode = FALSE
	EndGlobalSection
	GlobalSection(ExtensibilityGlobals) = postSolution
		SolutionGuid = {3A626AEC-031A-4953-96EB-ADBEABD2CC46}
	EndGlobalSection
EndGlobal
